// !$*UTF8*$!
{
	archiveVersion = 1;
	classes = {
	};
	objectVersion = 50;
	objects = {

/* Begin PBXBuildFile section */
		5037723A26BD380F00EECED7 /* FileUploader.swift in Sources */ = {isa = PBXBuildFile; fileRef = 5037723926BD380F00EECED7 /* FileUploader.swift */; };
		5037723D26BD3EFE00EECED7 /* AudioRecorder.swift in Sources */ = {isa = PBXBuildFile; fileRef = 5037723C26BD3EFE00EECED7 /* AudioRecorder.swift */; };
		5037723F26BD3F8600EECED7 /* RecordView.swift in Sources */ = {isa = PBXBuildFile; fileRef = 5037723E26BD3F8600EECED7 /* RecordView.swift */; };
		5037724126BD3FFD00EECED7 /* RecordingsList.swift in Sources */ = {isa = PBXBuildFile; fileRef = 5037724026BD3FFD00EECED7 /* RecordingsList.swift */; };
		5037724426BD459300EECED7 /* Recording.swift in Sources */ = {isa = PBXBuildFile; fileRef = 5037724326BD459300EECED7 /* Recording.swift */; };
		5037724626BD486500EECED7 /* AudioPlayer.swift in Sources */ = {isa = PBXBuildFile; fileRef = 5037724526BD486500EECED7 /* AudioPlayer.swift */; };
		50A52DFD26BD06C000FD742F /* IosRecordDemoApp.swift in Sources */ = {isa = PBXBuildFile; fileRef = 50A52DFC26BD06C000FD742F /* IosRecordDemoApp.swift */; };
		50A52DFF26BD06C000FD742F /* ContentView.swift in Sources */ = {isa = PBXBuildFile; fileRef = 50A52DFE26BD06C000FD742F /* ContentView.swift */; };
		50A52E0126BD06C100FD742F /* Assets.xcassets in Resources */ = {isa = PBXBuildFile; fileRef = 50A52E0026BD06C100FD742F /* Assets.xcassets */; };
		50A52E0426BD06C100FD742F /* Preview Assets.xcassets in Resources */ = {isa = PBXBuildFile; fileRef = 50A52E0326BD06C100FD742F /* Preview Assets.xcassets */; };
		50A52E0F26BD06C100FD742F /* IosRecordDemoTests.swift in Sources */ = {isa = PBXBuildFile; fileRef = 50A52E0E26BD06C100FD742F /* IosRecordDemoTests.swift */; };
		50A52E1A26BD06C100FD742F /* IosRecordDemoUITests.swift in Sources */ = {isa = PBXBuildFile; fileRef = 50A52E1926BD06C100FD742F /* IosRecordDemoUITests.swift */; };
/* End PBXBuildFile section */

/* Begin PBXContainerItemProxy section */
		50A52E0B26BD06C100FD742F /* PBXContainerItemProxy */ = {
			isa = PBXContainerItemProxy;
			containerPortal = 50A52DF126BD06C000FD742F /* Project object */;
			proxyType = 1;
			remoteGlobalIDString = 50A52DF826BD06C000FD742F;
			remoteInfo = IosRecordDemo;
		};
		50A52E1626BD06C100FD742F /* PBXContainerItemProxy */ = {
			isa = PBXContainerItemProxy;
			containerPortal = 50A52DF126BD06C000FD742F /* Project object */;
			proxyType = 1;
			remoteGlobalIDString = 50A52DF826BD06C000FD742F;
			remoteInfo = IosRecordDemo;
		};
/* End PBXContainerItemProxy section */

/* Begin PBXFileReference section */
		5037723926BD380F00EECED7 /* FileUploader.swift */ = {isa = PBXFileReference; lastKnownFileType = sourcecode.swift; path = FileUploader.swift; sourceTree = "<group>"; };
		5037723C26BD3EFE00EECED7 /* AudioRecorder.swift */ = {isa = PBXFileReference; lastKnownFileType = sourcecode.swift; path = AudioRecorder.swift; sourceTree = "<group>"; };
		5037723E26BD3F8600EECED7 /* RecordView.swift */ = {isa = PBXFileReference; lastKnownFileType = sourcecode.swift; path = RecordView.swift; sourceTree = "<group>"; };
		5037724026BD3FFD00EECED7 /* RecordingsList.swift */ = {isa = PBXFileReference; lastKnownFileType = sourcecode.swift; path = RecordingsList.swift; sourceTree = "<group>"; };
		5037724326BD459300EECED7 /* Recording.swift */ = {isa = PBXFileReference; lastKnownFileType = sourcecode.swift; path = Recording.swift; sourceTree = "<group>"; };
		5037724526BD486500EECED7 /* AudioPlayer.swift */ = {isa = PBXFileReference; lastKnownFileType = sourcecode.swift; path = AudioPlayer.swift; sourceTree = "<group>"; };
		50A52DF926BD06C000FD742F /* IosRecordDemo.app */ = {isa = PBXFileReference; explicitFileType = wrapper.application; includeInIndex = 0; path = IosRecordDemo.app; sourceTree = BUILT_PRODUCTS_DIR; };
		50A52DFC26BD06C000FD742F /* IosRecordDemoApp.swift */ = {isa = PBXFileReference; lastKnownFileType = sourcecode.swift; path = IosRecordDemoApp.swift; sourceTree = "<group>"; };
		50A52DFE26BD06C000FD742F /* ContentView.swift */ = {isa = PBXFileReference; lastKnownFileType = sourcecode.swift; path = ContentView.swift; sourceTree = "<group>"; };
		50A52E0026BD06C100FD742F /* Assets.xcassets */ = {isa = PBXFileReference; lastKnownFileType = folder.assetcatalog; path = Assets.xcassets; sourceTree = "<group>"; };
		50A52E0326BD06C100FD742F /* Preview Assets.xcassets */ = {isa = PBXFileReference; lastKnownFileType = folder.assetcatalog; path = "Preview Assets.xcassets"; sourceTree = "<group>"; };
		50A52E0526BD06C100FD742F /* Info.plist */ = {isa = PBXFileReference; lastKnownFileType = text.plist.xml; path = Info.plist; sourceTree = "<group>"; };
		50A52E0A26BD06C100FD742F /* IosRecordDemoTests.xctest */ = {isa = PBXFileReference; explicitFileType = wrapper.cfbundle; includeInIndex = 0; path = IosRecordDemoTests.xctest; sourceTree = BUILT_PRODUCTS_DIR; };
		50A52E0E26BD06C100FD742F /* IosRecordDemoTests.swift */ = {isa = PBXFileReference; lastKnownFileType = sourcecode.swift; path = IosRecordDemoTests.swift; sourceTree = "<group>"; };
		50A52E1026BD06C100FD742F /* Info.plist */ = {isa = PBXFileReference; lastKnownFileType = text.plist.xml; path = Info.plist; sourceTree = "<group>"; };
		50A52E1526BD06C100FD742F /* IosRecordDemoUITests.xctest */ = {isa = PBXFileReference; explicitFileType = wrapper.cfbundle; includeInIndex = 0; path = IosRecordDemoUITests.xctest; sourceTree = BUILT_PRODUCTS_DIR; };
		50A52E1926BD06C100FD742F /* IosRecordDemoUITests.swift */ = {isa = PBXFileReference; lastKnownFileType = sourcecode.swift; path = IosRecordDemoUITests.swift; sourceTree = "<group>"; };
		50A52E1B26BD06C100FD742F /* Info.plist */ = {isa = PBXFileReference; lastKnownFileType = text.plist.xml; path = Info.plist; sourceTree = "<group>"; };
/* End PBXFileReference section */

/* Begin PBXFrameworksBuildPhase section */
		50A52DF626BD06C000FD742F /* Frameworks */ = {
			isa = PBXFrameworksBuildPhase;
			buildActionMask = 2147483647;
			files = (
			);
			runOnlyForDeploymentPostprocessing = 0;
		};
		50A52E0726BD06C100FD742F /* Frameworks */ = {
			isa = PBXFrameworksBuildPhase;
			buildActionMask = 2147483647;
			files = (
			);
			runOnlyForDeploymentPostprocessing = 0;
		};
		50A52E1226BD06C100FD742F /* Frameworks */ = {
			isa = PBXFrameworksBuildPhase;
			buildActionMask = 2147483647;
			files = (
			);
			runOnlyForDeploymentPostprocessing = 0;
		};
/* End PBXFrameworksBuildPhase section */

/* Begin PBXGroup section */
		5037723726BD0CE600EECED7 /* screen */ = {
			isa = PBXGroup;
			children = (
				5037723E26BD3F8600EECED7 /* RecordView.swift */,
				5037724026BD3FFD00EECED7 /* RecordingsList.swift */,
				5037724526BD486500EECED7 /* AudioPlayer.swift */,
			);
			path = screen;
			sourceTree = "<group>";
		};
		5037723826BD37FF00EECED7 /* Api */ = {
			isa = PBXGroup;
			children = (
				5037723926BD380F00EECED7 /* FileUploader.swift */,
			);
			path = Api;
			sourceTree = "<group>";
		};
		5037723B26BD3EE700EECED7 /* engine */ = {
			isa = PBXGroup;
			children = (
				5037723C26BD3EFE00EECED7 /* AudioRecorder.swift */,
			);
			path = engine;
			sourceTree = "<group>";
		};
		5037724226BD457E00EECED7 /* model */ = {
			isa = PBXGroup;
			children = (
				5037724326BD459300EECED7 /* Recording.swift */,
			);
			path = model;
			sourceTree = "<group>";
		};
		50A52DF026BD06C000FD742F = {
			isa = PBXGroup;
			children = (
				50A52DFB26BD06C000FD742F /* IosRecordDemo */,
				50A52E0D26BD06C100FD742F /* IosRecordDemoTests */,
				50A52E1826BD06C100FD742F /* IosRecordDemoUITests */,
				50A52DFA26BD06C000FD742F /* Products */,
			);
			sourceTree = "<group>";
		};
		50A52DFA26BD06C000FD742F /* Products */ = {
			isa = PBXGroup;
			children = (
				50A52DF926BD06C000FD742F /* IosRecordDemo.app */,
				50A52E0A26BD06C100FD742F /* IosRecordDemoTests.xctest */,
				50A52E1526BD06C100FD742F /* IosRecordDemoUITests.xctest */,
			);
			name = Products;
			sourceTree = "<group>";
		};
		50A52DFB26BD06C000FD742F /* IosRecordDemo */ = {
			isa = PBXGroup;
			children = (
				5037724226BD457E00EECED7 /* model */,
				5037723B26BD3EE700EECED7 /* engine */,
				5037723826BD37FF00EECED7 /* Api */,
				5037723726BD0CE600EECED7 /* screen */,
				50A52DFC26BD06C000FD742F /* IosRecordDemoApp.swift */,
				50A52DFE26BD06C000FD742F /* ContentView.swift */,
				50A52E0026BD06C100FD742F /* Assets.xcassets */,
				50A52E0526BD06C100FD742F /* Info.plist */,
				50A52E0226BD06C100FD742F /* Preview Content */,
			);
			path = IosRecordDemo;
			sourceTree = "<group>";
		};
		50A52E0226BD06C100FD742F /* Preview Content */ = {
			isa = PBXGroup;
			children = (
				50A52E0326BD06C100FD742F /* Preview Assets.xcassets */,
			);
			path = "Preview Content";
			sourceTree = "<group>";
		};
		50A52E0D26BD06C100FD742F /* IosRecordDemoTests */ = {
			isa = PBXGroup;
			children = (
				50A52E0E26BD06C100FD742F /* IosRecordDemoTests.swift */,
				50A52E1026BD06C100FD742F /* Info.plist */,
			);
			path = IosRecordDemoTests;
			sourceTree = "<group>";
		};
		50A52E1826BD06C100FD742F /* IosRecordDemoUITests */ = {
			isa = PBXGroup;
			children = (
				50A52E1926BD06C100FD742F /* IosRecordDemoUITests.swift */,
				50A52E1B26BD06C100FD742F /* Info.plist */,
			);
			path = IosRecordDemoUITests;
			sourceTree = "<group>";
		};
/* End PBXGroup section */

/* Begin PBXNativeTarget section */
		50A52DF826BD06C000FD742F /* IosRecordDemo */ = {
			isa = PBXNativeTarget;
			buildConfigurationList = 50A52E1E26BD06C100FD742F /* Build configuration list for PBXNativeTarget "IosRecordDemo" */;
			buildPhases = (
				50A52DF526BD06C000FD742F /* Sources */,
				50A52DF626BD06C000FD742F /* Frameworks */,
				50A52DF726BD06C000FD742F /* Resources */,
			);
			buildRules = (
			);
			dependencies = (
			);
			name = IosRecordDemo;
			productName = IosRecordDemo;
			productReference = 50A52DF926BD06C000FD742F /* IosRecordDemo.app */;
			productType = "com.apple.product-type.application";
		};
		50A52E0926BD06C100FD742F /* IosRecordDemoTests */ = {
			isa = PBXNativeTarget;
			buildConfigurationList = 50A52E2126BD06C100FD742F /* Build configuration list for PBXNativeTarget "IosRecordDemoTests" */;
			buildPhases = (
				50A52E0626BD06C100FD742F /* Sources */,
				50A52E0726BD06C100FD742F /* Frameworks */,
				50A52E0826BD06C100FD742F /* Resources */,
			);
			buildRules = (
			);
			dependencies = (
				50A52E0C26BD06C100FD742F /* PBXTargetDependency */,
			);
			name = IosRecordDemoTests;
			productName = IosRecordDemoTests;
			productReference = 50A52E0A26BD06C100FD742F /* IosRecordDemoTests.xctest */;
			productType = "com.apple.product-type.bundle.unit-test";
		};
		50A52E1426BD06C100FD742F /* IosRecordDemoUITests */ = {
			isa = PBXNativeTarget;
			buildConfigurationList = 50A52E2426BD06C100FD742F /* Build configuration list for PBXNativeTarget "IosRecordDemoUITests" */;
			buildPhases = (
				50A52E1126BD06C100FD742F /* Sources */,
				50A52E1226BD06C100FD742F /* Frameworks */,
				50A52E1326BD06C100FD742F /* Resources */,
			);
			buildRules = (
			);
			dependencies = (
				50A52E1726BD06C100FD742F /* PBXTargetDependency */,
			);
			name = IosRecordDemoUITests;
			productName = IosRecordDemoUITests;
			productReference = 50A52E1526BD06C100FD742F /* IosRecordDemoUITests.xctest */;
			productType = "com.apple.product-type.bundle.ui-testing";
		};
/* End PBXNativeTarget section */

/* Begin PBXProject section */
		50A52DF126BD06C000FD742F /* Project object */ = {
			isa = PBXProject;
			attributes = {
				LastSwiftUpdateCheck = 1250;
				LastUpgradeCheck = 1250;
				TargetAttributes = {
					50A52DF826BD06C000FD742F = {
						CreatedOnToolsVersion = 12.5.1;
					};
					50A52E0926BD06C100FD742F = {
						CreatedOnToolsVersion = 12.5.1;
						TestTargetID = 50A52DF826BD06C000FD742F;
					};
					50A52E1426BD06C100FD742F = {
						CreatedOnToolsVersion = 12.5.1;
						TestTargetID = 50A52DF826BD06C000FD742F;
					};
				};
			};
			buildConfigurationList = 50A52DF426BD06C000FD742F /* Build configuration list for PBXProject "IosRecordDemo" */;
			compatibilityVersion = "Xcode 9.3";
			developmentRegion = en;
			hasScannedForEncodings = 0;
			knownRegions = (
				en,
				Base,
			);
			mainGroup = 50A52DF026BD06C000FD742F;
			productRefGroup = 50A52DFA26BD06C000FD742F /* Products */;
			projectDirPath = "";
			projectRoot = "";
			targets = (
				50A52DF826BD06C000FD742F /* IosRecordDemo */,
				50A52E0926BD06C100FD742F /* IosRecordDemoTests */,
				50A52E1426BD06C100FD742F /* IosRecordDemoUITests */,
			);
		};
/* End PBXProject section */

/* Begin PBXResourcesBuildPhase section */
		50A52DF726BD06C000FD742F /* Resources */ = {
			isa = PBXResourcesBuildPhase;
			buildActionMask = 2147483647;
			files = (
				50A52E0426BD06C100FD742F /* Preview Assets.xcassets in Resources */,
				50A52E0126BD06C100FD742F /* Assets.xcassets in Resources */,
			);
			runOnlyForDeploymentPostprocessing = 0;
		};
		50A52E0826BD06C100FD742F /* Resources */ = {
			isa = PBXResourcesBuildPhase;
			buildActionMask = 2147483647;
			files = (
			);
			runOnlyForDeploymentPostprocessing = 0;
		};
		50A52E1326BD06C100FD742F /* Resources */ = {
			isa = PBXResourcesBuildPhase;
			buildActionMask = 2147483647;
			files = (
			);
			runOnlyForDeploymentPostprocessing = 0;
		};
/* End PBXResourcesBuildPhase section */

/* Begin PBXSourcesBuildPhase section */
		50A52DF526BD06C000FD742F /* Sources */ = {
			isa = PBXSourcesBuildPhase;
			buildActionMask = 2147483647;
			files = (
				50A52DFF26BD06C000FD742F /* ContentView.swift in Sources */,
				50A52DFD26BD06C000FD742F /* IosRecordDemoApp.swift in Sources */,
				5037723D26BD3EFE00EECED7 /* AudioRecorder.swift in Sources */,
				5037724626BD486500EECED7 /* AudioPlayer.swift in Sources */,
				5037724126BD3FFD00EECED7 /* RecordingsList.swift in Sources */,
				5037723F26BD3F8600EECED7 /* RecordView.swift in Sources */,
				5037724426BD459300EECED7 /* Recording.swift in Sources */,
				5037723A26BD380F00EECED7 /* FileUploader.swift in Sources */,
			);
			runOnlyForDeploymentPostprocessing = 0;
		};
		50A52E0626BD06C100FD742F /* Sources */ = {
			isa = PBXSourcesBuildPhase;
			buildActionMask = 2147483647;
			files = (
				50A52E0F26BD06C100FD742F /* IosRecordDemoTests.swift in Sources */,
			);
			runOnlyForDeploymentPostprocessing = 0;
		};
		50A52E1126BD06C100FD742F /* Sources */ = {
			isa = PBXSourcesBuildPhase;
			buildActionMask = 2147483647;
			files = (
				50A52E1A26BD06C100FD742F /* IosRecordDemoUITests.swift in Sources */,
			);
			runOnlyForDeploymentPostprocessing = 0;
		};
/* End PBXSourcesBuildPhase section */

/* Begin PBXTargetDependency section */
		50A52E0C26BD06C100FD742F /* PBXTargetDependency */ = {
			isa = PBXTargetDependency;
			target = 50A52DF826BD06C000FD742F /* IosRecordDemo */;
			targetProxy = 50A52E0B26BD06C100FD742F /* PBXContainerItemProxy */;
		};
		50A52E1726BD06C100FD742F /* PBXTargetDependency */ = {
			isa = PBXTargetDependency;
			target = 50A52DF826BD06C000FD742F /* IosRecordDemo */;
			targetProxy = 50A52E1626BD06C100FD742F /* PBXContainerItemProxy */;
		};
/* End PBXTargetDependency section */

/* Begin XCBuildConfiguration section */
		50A52E1C26BD06C100FD742F /* Debug */ = {
			isa = XCBuildConfiguration;
			buildSettings = {
				ALWAYS_SEARCH_USER_PATHS = NO;
				CLANG_ANALYZER_NONNULL = YES;
				CLANG_ANALYZER_NUMBER_OBJECT_CONVERSION = YES_AGGRESSIVE;
				CLANG_CXX_LANGUAGE_STANDARD = "gnu++14";
				CLANG_CXX_LIBRARY = "libc++";
				CLANG_ENABLE_MODULES = YES;
				CLANG_ENABLE_OBJC_ARC = YES;
				CLANG_ENABLE_OBJC_WEAK = YES;
				CLANG_WARN_BLOCK_CAPTURE_AUTORELEASING = YES;
				CLANG_WARN_BOOL_CONVERSION = YES;
				CLANG_WARN_COMMA = YES;
				CLANG_WARN_CONSTANT_CONVERSION = YES;
				CLANG_WARN_DEPRECATED_OBJC_IMPLEMENTATIONS = YES;
				CLANG_WARN_DIRECT_OBJC_ISA_USAGE = YES_ERROR;
				CLANG_WARN_DOCUMENTATION_COMMENTS = YES;
				CLANG_WARN_EMPTY_BODY = YES;
				CLANG_WARN_ENUM_CONVERSION = YES;
				CLANG_WARN_INFINITE_RECURSION = YES;
				CLANG_WARN_INT_CONVERSION = YES;
				CLANG_WARN_NON_LITERAL_NULL_CONVERSION = YES;
				CLANG_WARN_OBJC_IMPLICIT_RETAIN_SELF = YES;
				CLANG_WARN_OBJC_LITERAL_CONVERSION = YES;
				CLANG_WARN_OBJC_ROOT_CLASS = YES_ERROR;
				CLANG_WARN_QUOTED_INCLUDE_IN_FRAMEWORK_HEADER = YES;
				CLANG_WARN_RANGE_LOOP_ANALYSIS = YES;
				CLANG_WARN_STRICT_PROTOTYPES = YES;
				CLANG_WARN_SUSPICIOUS_MOVE = YES;
				CLANG_WARN_UNGUARDED_AVAILABILITY = YES_AGGRESSIVE;
				CLANG_WARN_UNREACHABLE_CODE = YES;
				CLANG_WARN__DUPLICATE_METHOD_MATCH = YES;
				COPY_PHASE_STRIP = NO;
				DEBUG_INFORMATION_FORMAT = dwarf;
				ENABLE_STRICT_OBJC_MSGSEND = YES;
				ENABLE_TESTABILITY = YES;
				GCC_C_LANGUAGE_STANDARD = gnu11;
				GCC_DYNAMIC_NO_PIC = NO;
				GCC_NO_COMMON_BLOCKS = YES;
				GCC_OPTIMIZATION_LEVEL = 0;
				GCC_PREPROCESSOR_DEFINITIONS = (
					"DEBUG=1",
					"$(inherited)",
				);
				GCC_WARN_64_TO_32_BIT_CONVERSION = YES;
				GCC_WARN_ABOUT_RETURN_TYPE = YES_ERROR;
				GCC_WARN_UNDECLARED_SELECTOR = YES;
				GCC_WARN_UNINITIALIZED_AUTOS = YES_AGGRESSIVE;
				GCC_WARN_UNUSED_FUNCTION = YES;
				GCC_WARN_UNUSED_VARIABLE = YES;
				IPHONEOS_DEPLOYMENT_TARGET = 14.5;
				MTL_ENABLE_DEBUG_INFO = INCLUDE_SOURCE;
				MTL_FAST_MATH = YES;
				ONLY_ACTIVE_ARCH = YES;
				SDKROOT = iphoneos;
				SWIFT_ACTIVE_COMPILATION_CONDITIONS = DEBUG;
				SWIFT_OPTIMIZATION_LEVEL = "-Onone";
			};
			name = Debug;
		};
		50A52E1D26BD06C100FD742F /* Release */ = {
			isa = XCBuildConfiguration;
			buildSettings = {
				ALWAYS_SEARCH_USER_PATHS = NO;
				CLANG_ANALYZER_NONNULL = YES;
				CLANG_ANALYZER_NUMBER_OBJECT_CONVERSION = YES_AGGRESSIVE;
				CLANG_CXX_LANGUAGE_STANDARD = "gnu++14";
				CLANG_CXX_LIBRARY = "libc++";
				CLANG_ENABLE_MODULES = YES;
				CLANG_ENABLE_OBJC_ARC = YES;
				CLANG_ENABLE_OBJC_WEAK = YES;
				CLANG_WARN_BLOCK_CAPTURE_AUTORELEASING = YES;
				CLANG_WARN_BOOL_CONVERSION = YES;
				CLANG_WARN_COMMA = YES;
				CLANG_WARN_CONSTANT_CONVERSION = YES;
				CLANG_WARN_DEPRECATED_OBJC_IMPLEMENTATIONS = YES;
				CLANG_WARN_DIRECT_OBJC_ISA_USAGE = YES_ERROR;
				CLANG_WARN_DOCUMENTATION_COMMENTS = YES;
				CLANG_WARN_EMPTY_BODY = YES;
				CLANG_WARN_ENUM_CONVERSION = YES;
				CLANG_WARN_INFINITE_RECURSION = YES;
				CLANG_WARN_INT_CONVERSION = YES;
				CLANG_WARN_NON_LITERAL_NULL_CONVERSION = YES;
				CLANG_WARN_OBJC_IMPLICIT_RETAIN_SELF = YES;
				CLANG_WARN_OBJC_LITERAL_CONVERSION = YES;
				CLANG_WARN_OBJC_ROOT_CLASS = YES_ERROR;
				CLANG_WARN_QUOTED_INCLUDE_IN_FRAMEWORK_HEADER = YES;
				CLANG_WARN_RANGE_LOOP_ANALYSIS = YES;
				CLANG_WARN_STRICT_PROTOTYPES = YES;
				CLANG_WARN_SUSPICIOUS_MOVE = YES;
				CLANG_WARN_UNGUARDED_AVAILABILITY = YES_AGGRESSIVE;
				CLANG_WARN_UNREACHABLE_CODE = YES;
				CLANG_WARN__DUPLICATE_METHOD_MATCH = YES;
				COPY_PHASE_STRIP = NO;
				DEBUG_INFORMATION_FORMAT = "dwarf-with-dsym";
				ENABLE_NS_ASSERTIONS = NO;
				ENABLE_STRICT_OBJC_MSGSEND = YES;
				GCC_C_LANGUAGE_STANDARD = gnu11;
				GCC_NO_COMMON_BLOCKS = YES;
				GCC_WARN_64_TO_32_BIT_CONVERSION = YES;
				GCC_WARN_ABOUT_RETURN_TYPE = YES_ERROR;
				GCC_WARN_UNDECLARED_SELECTOR = YES;
				GCC_WARN_UNINITIALIZED_AUTOS = YES_AGGRESSIVE;
				GCC_WARN_UNUSED_FUNCTION = YES;
				GCC_WARN_UNUSED_VARIABLE = YES;
				IPHONEOS_DEPLOYMENT_TARGET = 14.5;
				MTL_ENABLE_DEBUG_INFO = NO;
				MTL_FAST_MATH = YES;
				SDKROOT = iphoneos;
				SWIFT_COMPILATION_MODE = wholemodule;
				SWIFT_OPTIMIZATION_LEVEL = "-O";
				VALIDATE_PRODUCT = YES;
			};
			name = Release;
		};
		50A52E1F26BD06C100FD742F /* Debug */ = {
			isa = XCBuildConfiguration;
			buildSettings = {
				ASSETCATALOG_COMPILER_APPICON_NAME = AppIcon;
				ASSETCATALOG_COMPILER_GLOBAL_ACCENT_COLOR_NAME = AccentColor;
				CODE_SIGN_STYLE = Automatic;
				DEVELOPMENT_ASSET_PATHS = "\"IosRecordDemo/Preview Content\"";
				DEVELOPMENT_TEAM = 38N3R8P926;
				ENABLE_PREVIEWS = YES;
				INFOPLIST_FILE = IosRecordDemo/Info.plist;
				IPHONEOS_DEPLOYMENT_TARGET = 14.0;
				LD_RUNPATH_SEARCH_PATHS = (
					"$(inherited)",
					"@executable_path/Frameworks",
				);
				PRODUCT_BUNDLE_IDENTIFIER = KuroHako.IosRecordDemo;
				PRODUCT_NAME = "$(TARGET_NAME)";
				SWIFT_VERSION = 5.0;
				TARGETED_DEVICE_FAMILY = "1,2";
			};
			name = Debug;
		};
		50A52E2026BD06C100FD742F /* Release */ = {
			isa = XCBuildConfiguration;
			buildSettings = {
				ASSETCATALOG_COMPILER_APPICON_NAME = AppIcon;
				ASSETCATALOG_COMPILER_GLOBAL_ACCENT_COLOR_NAME = AccentColor;
				CODE_SIGN_STYLE = Automatic;
				DEVELOPMENT_ASSET_PATHS = "\"IosRecordDemo/Preview Content\"";
				DEVELOPMENT_TEAM = 38N3R8P926;
				ENABLE_PREVIEWS = YES;
				INFOPLIST_FILE = IosRecordDemo/Info.plist;
				IPHONEOS_DEPLOYMENT_TARGET = 14.0;
				LD_RUNPATH_SEARCH_PATHS = (
					"$(inherited)",
					"@executable_path/Frameworks",
				);
				PRODUCT_BUNDLE_IDENTIFIER = KuroHako.IosRecordDemo;
				PRODUCT_NAME = "$(TARGET_NAME)";
				SWIFT_VERSION = 5.0;
				TARGETED_DEVICE_FAMILY = "1,2";
			};
			name = Release;
		};
		50A52E2226BD06C100FD742F /* Debug */ = {
			isa = XCBuildConfiguration;
			buildSettings = {
				ALWAYS_EMBED_SWIFT_STANDARD_LIBRARIES = YES;
				BUNDLE_LOADER = "$(TEST_HOST)";
				CODE_SIGN_STYLE = Automatic;
				DEVELOPMENT_TEAM = 38N3R8P926;
				INFOPLIST_FILE = IosRecordDemoTests/Info.plist;
				IPHONEOS_DEPLOYMENT_TARGET = 14.0;
				LD_RUNPATH_SEARCH_PATHS = (
					"$(inherited)",
					"@executable_path/Frameworks",
					"@loader_path/Frameworks",
				);
				PRODUCT_BUNDLE_IDENTIFIER = KuroHako.IosRecordDemoTests;
				PRODUCT_NAME = "$(TARGET_NAME)";
				SWIFT_VERSION = 5.0;
				TARGETED_DEVICE_FAMILY = "1,2";
				TEST_HOST = "$(BUILT_PRODUCTS_DIR)/IosRecordDemo.app/IosRecordDemo";
			};
			name = Debug;
		};
		50A52E2326BD06C100FD742F /* Release */ = {
			isa = XCBuildConfiguration;
			buildSettings = {
				ALWAYS_EMBED_SWIFT_STANDARD_LIBRARIES = YES;
				BUNDLE_LOADER = "$(TEST_HOST)";
				CODE_SIGN_STYLE = Automatic;
				DEVELOPMENT_TEAM = 38N3R8P926;
				INFOPLIST_FILE = IosRecordDemoTests/Info.plist;
				IPHONEOS_DEPLOYMENT_TARGET = 14.0;
				LD_RUNPATH_SEARCH_PATHS = (
					"$(inherited)",
					"@executable_path/Frameworks",
					"@loader_path/Frameworks",
				);
				PRODUCT_BUNDLE_IDENTIFIER = KuroHako.IosRecordDemoTests;
				PRODUCT_NAME = "$(TARGET_NAME)";
				SWIFT_VERSION = 5.0;
				TARGETED_DEVICE_FAMILY = "1,2";
				TEST_HOST = "$(BUILT_PRODUCTS_DIR)/IosRecordDemo.app/IosRecordDemo";
			};
			name = Release;
		};
		50A52E2526BD06C100FD742F /* Debug */ = {
			isa = XCBuildConfiguration;
			buildSettings = {
				ALWAYS_EMBED_SWIFT_STANDARD_LIBRARIES = YES;
				CODE_SIGN_STYLE = Automatic;
				DEVELOPMENT_TEAM = 38N3R8P926;
				INFOPLIST_FILE = IosRecordDemoUITests/Info.plist;
				LD_RUNPATH_SEARCH_PATHS = (
					"$(inherited)",
					"@executable_path/Frameworks",
					"@loader_path/Frameworks",
				);
				PRODUCT_BUNDLE_IDENTIFIER = KuroHako.IosRecordDemoUITests;
				PRODUCT_NAME = "$(TARGET_NAME)";
				SWIFT_VERSION = 5.0;
				TARGETED_DEVICE_FAMILY = "1,2";
				TEST_TARGET_NAME = IosRecordDemo;
			};
			name = Debug;
		};
		50A52E2626BD06C100FD742F /* Release */ = {
			isa = XCBuildConfiguration;
			buildSettings = {
				ALWAYS_EMBED_SWIFT_STANDARD_LIBRARIES = YES;
				CODE_SIGN_STYLE = Automatic;
				DEVELOPMENT_TEAM = 38N3R8P926;
				INFOPLIST_FILE = IosRecordDemoUITests/Info.plist;
				LD_RUNPATH_SEARCH_PATHS = (
					"$(inherited)",
					"@executable_path/Frameworks",
					"@loader_path/Frameworks",
				);
				PRODUCT_BUNDLE_IDENTIFIER = KuroHako.IosRecordDemoUITests;
				PRODUCT_NAME = "$(TARGET_NAME)";
				SWIFT_VERSION = 5.0;
				TARGETED_DEVICE_FAMILY = "1,2";
				TEST_TARGET_NAME = IosRecordDemo;
			};
			name = Release;
		};
/* End XCBuildConfiguration section */

/* Begin XCConfigurationList section */
		50A52DF426BD06C000FD742F /* Build configuration list for PBXProject "IosRecordDemo" */ = {
			isa = XCConfigurationList;
			buildConfigurations = (
				50A52E1C26BD06C100FD742F /* Debug */,
				50A52E1D26BD06C100FD742F /* Release */,
			);
			defaultConfigurationIsVisible = 0;
			defaultConfigurationName = Release;
		};
		50A52E1E26BD06C100FD742F /* Build configuration list for PBXNativeTarget "IosRecordDemo" */ = {
			isa = XCConfigurationList;
			buildConfigurations = (
				50A52E1F26BD06C100FD742F /* Debug */,
				50A52E2026BD06C100FD742F /* Release */,
			);
			defaultConfigurationIsVisible = 0;
			defaultConfigurationName = Release;
		};
		50A52E2126BD06C100FD742F /* Build configuration list for PBXNativeTarget "IosRecordDemoTests" */ = {
			isa = XCConfigurationList;
			buildConfigurations = (
				50A52E2226BD06C100FD742F /* Debug */,
				50A52E2326BD06C100FD742F /* Release */,
			);
			defaultConfigurationIsVisible = 0;
			defaultConfigurationName = Release;
		};
		50A52E2426BD06C100FD742F /* Build configuration list for PBXNativeTarget "IosRecordDemoUITests" */ = {
			isa = XCConfigurationList;
			buildConfigurations = (
				50A52E2526BD06C100FD742F /* Debug */,
				50A52E2626BD06C100FD742F /* Release */,
			);
			defaultConfigurationIsVisible = 0;
			defaultConfigurationName = Release;
		};
/* End XCConfigurationList section */
	};
	rootObject = 50A52DF126BD06C000FD742F /* Project object */;
}
